
Microsoft Visual Studio Solution File, Format Version 12.00
# Visual Studio Version 17
VisualStudioVersion = 17.4.33122.133
MinimumVisualStudioVersion = 10.0.40219.1
Project("{FAE04EC0-301F-11D3-BF4B-00C04F79EFBC}") = "ContactsAPI", "ContactsAPI\ContactsAPI.csproj", "{3724C62B-92B2-4255-900B-2B80EE78CF3E}"
EndProject
Project("{FAE04EC0-301F-11D3-BF4B-00C04F79EFBC}") = "ContactsAPI.Data", "ContactsAPI.data\ContactsAPI.Data.csproj", "{75746FFD-90F9-4C38-AC31-2F9B6004663B}"
EndProject
Project("{FAE04EC0-301F-11D3-BF4B-00C04F79EFBC}") = "ContactsAPI.Service", "ContactsAPI.Service\ContactsAPI.Service.csproj", "{12E4C30E-203D-4E19-A0D2-A39652ABBC45}"
EndProject
Global
	GlobalSection(SolutionConfigurationPlatforms) = preSolution
		Debug|Any CPU = Debug|Any CPU
		Release|Any CPU = Release|Any CPU
	EndGlobalSection
	GlobalSection(ProjectConfigurationPlatforms) = postSolution
		{3724C62B-92B2-4255-900B-2B80EE78CF3E}.Debug|Any CPU.ActiveCfg = Debug|Any CPU
		{3724C62B-92B2-4255-900B-2B80EE78CF3E}.Debug|Any CPU.Build.0 = Debug|Any CPU
		{3724C62B-92B2-4255-900B-2B80EE78CF3E}.Release|Any CPU.ActiveCfg = Release|Any CPU
		{3724C62B-92B2-4255-900B-2B80EE78CF3E}.Release|Any CPU.Build.0 = Release|Any CPU
		{75746FFD-90F9-4C38-AC31-2F9B6004663B}.Debug|Any CPU.ActiveCfg = Debug|Any CPU
		{75746FFD-90F9-4C38-AC31-2F9B6004663B}.Debug|Any CPU.Build.0 = Debug|Any CPU
		{75746FFD-90F9-4C38-AC31-2F9B6004663B}.Release|Any CPU.ActiveCfg = Release|Any CPU
		{75746FFD-90F9-4C38-AC31-2F9B6004663B}.Release|Any CPU.Build.0 = Release|Any CPU
		{12E4C30E-203D-4E19-A0D2-A39652ABBC45}.Debug|Any CPU.ActiveCfg = Debug|Any CPU
		{12E4C30E-203D-4E19-A0D2-A39652ABBC45}.Debug|Any CPU.Build.0 = Debug|Any CPU
		{12E4C30E-203D-4E19-A0D2-A39652ABBC45}.Release|Any CPU.ActiveCfg = Release|Any CPU
		{12E4C30E-203D-4E19-A0D2-A39652ABBC45}.Release|Any CPU.Build.0 = Release|Any CPU
	EndGlobalSection
	GlobalSection(SolutionProperties) = preSolution
		HideSolutionNode = FALSE
	EndGlobalSection
	GlobalSection(ExtensibilityGlobals) = postSolution
		SolutionGuid = {6AF5E9A9-4D21-4AC5-82E1-D503EE2B0624}
	EndGlobalSection
EndGlobal
